// !$*UTF8*$!
{
	archiveVersion = 1;
	classes = {
	};
	objectVersion = 48;
	objects = {

/* Begin PBXBuildFile section */
		B111C7591F808F4C00499027 /* AppDelegate.swift in Sources */ = {isa = PBXBuildFile; fileRef = B111C7581F808F4C00499027 /* AppDelegate.swift */; };
		B111C75B1F808F4C00499027 /* ViewController.swift in Sources */ = {isa = PBXBuildFile; fileRef = B111C75A1F808F4C00499027 /* ViewController.swift */; };
		B111C75E1F808F4C00499027 /* Main.storyboard in Resources */ = {isa = PBXBuildFile; fileRef = B111C75C1F808F4C00499027 /* Main.storyboard */; };
		B111C7601F808F4C00499027 /* Assets.xcassets in Resources */ = {isa = PBXBuildFile; fileRef = B111C75F1F808F4C00499027 /* Assets.xcassets */; };
		B111C7631F808F4C00499027 /* LaunchScreen.storyboard in Resources */ = {isa = PBXBuildFile; fileRef = B111C7611F808F4C00499027 /* LaunchScreen.storyboard */; };
		B1B2CC17204008AE00E620C2 /* SwipingController.swift in Sources */ = {isa = PBXBuildFile; fileRef = B1B2CC16204008AE00E620C2 /* SwipingController.swift */; };
/* End PBXBuildFile section */

/* Begin PBXFileReference section */
		B111C7551F808F4C00499027 /* S4AutoLayout.app */ = {isa = PBXFileReference; explicitFileType = wrapper.application; includeInIndex = 0; path = S4AutoLayout.app; sourceTree = BUILT_PRODUCTS_DIR; };
		B111C7581F808F4C00499027 /* AppDelegate.swift */ = {isa = PBXFileReference; lastKnownFileType = sourcecode.swift; path = AppDelegate.swift; sourceTree = "<group>"; };
		B111C75A1F808F4C00499027 /* ViewController.swift */ = {isa = PBXFileReference; lastKnownFileType = sourcecode.swift; path = ViewController.swift; sourceTree = "<group>"; };
		B111C75D1F808F4C00499027 /* Base */ = {isa = PBXFileReference; lastKnownFileType = file.storyboard; name = Base; path = Base.lproj/Main.storyboard; sourceTree = "<group>"; };
		B111C75F1F808F4C00499027 /* Assets.xcassets */ = {isa = PBXFileReference; lastKnownFileType = folder.assetcatalog; path = Assets.xcassets; sourceTree = "<group>"; };
		B111C7621F808F4C00499027 /* Base */ = {isa = PBXFileReference; lastKnownFileType = file.storyboard; name = Base; path = Base.lproj/LaunchScreen.storyboard; sourceTree = "<group>"; };
		B111C7641F808F4C00499027 /* Info.plist */ = {isa = PBXFileReference; lastKnownFileType = text.plist.xml; path = Info.plist; sourceTree = "<group>"; };
		B1B2CC16204008AE00E620C2 /* SwipingController.swift */ = {isa = PBXFileReference; lastKnownFileType = sourcecode.swift; path = SwipingController.swift; sourceTree = "<group>"; };
/* End PBXFileReference section */

/* Begin PBXFrameworksBuildPhase section */
		B111C7521F808F4C00499027 /* Frameworks */ = {
			isa = PBXFrameworksBuildPhase;
			buildActionMask = 2147483647;
			files = (
			);
			runOnlyForDeploymentPostprocessing = 0;
		};
/* End PBXFrameworksBuildPhase section */

/* Begin PBXGroup section */
		B111C74C1F808F4C00499027 = {
			isa = PBXGroup;
			children = (
				B111C7571F808F4C00499027 /* S4AutoLayout */,
				B111C7561F808F4C00499027 /* Products */,
			);
			sourceTree = "<group>";
		};
		B111C7561F808F4C00499027 /* Products */ = {
			isa = PBXGroup;
			children = (
				B111C7551F808F4C00499027 /* S4AutoLayout.app */,
			);
			name = Products;
			sourceTree = "<group>";
		};
		B111C7571F808F4C00499027 /* S4AutoLayout */ = {
			isa = PBXGroup;
			children = (
				B111C7581F808F4C00499027 /* AppDelegate.swift */,
				B111C75A1F808F4C00499027 /* ViewController.swift */,
				B1B2CC16204008AE00E620C2 /* SwipingController.swift */,
				B111C75C1F808F4C00499027 /* Main.storyboard */,
				B111C75F1F808F4C00499027 /* Assets.xcassets */,
				B111C7611F808F4C00499027 /* LaunchScreen.storyboard */,
				B111C7641F808F4C00499027 /* Info.plist */,
			);
			path = S4AutoLayout;
			sourceTree = "<group>";
		};
/* End PBXGroup section */

/* Begin PBXNativeTarget section */
		B111C7541F808F4C00499027 /* S4AutoLayout */ = {
			isa = PBXNativeTarget;
			buildConfigurationList = B111C7671F808F4C00499027 /* Build configuration list for PBXNativeTarget "S4AutoLayout" */;
			buildPhases = (
				B111C7511F808F4C00499027 /* Sources */,
				B111C7521F808F4C00499027 /* Frameworks */,
				B111C7531F808F4C00499027 /* Resources */,
			);
			buildRules = (
			);
			dependencies = (
			);
			name = S4AutoLayout;
			productName = S4AutoLayout;
			productReference = B111C7551F808F4C00499027 /* S4AutoLayout.app */;
			productType = "com.apple.product-type.application";
		};
/* End PBXNativeTarget section */

/* Begin PBXProject section */
		B111C74D1F808F4C00499027 /* Project object */ = {
			isa = PBXProject;
			attributes = {
				LastSwiftUpdateCheck = 0900;
				LastUpgradeCheck = 0900;
				ORGANIZATIONNAME = VictorLee;
				TargetAttributes = {
					B111C7541F808F4C00499027 = {
						CreatedOnToolsVersion = 9.0;
						ProvisioningStyle = Automatic;
					};
				};
			};
			buildConfigurationList = B111C7501F808F4C00499027 /* Build configuration list for PBXProject "S4AutoLayout" */;
			compatibilityVersion = "Xcode 8.0";
			developmentRegion = en;
			hasScannedForEncodings = 0;
			knownRegions = (
				en,
				Base,
			);
			mainGroup = B111C74C1F808F4C00499027;
			productRefGroup = B111C7561F808F4C00499027 /* Products */;
			projectDirPath = "";
			projectRoot = "";
			targets = (
				B111C7541F808F4C00499027 /* S4AutoLayout */,
			);
		};
/* End PBXProject section */

/* Begin PBXResourcesBuildPhase section */
		B111C7531F808F4C00499027 /* Resources */ = {
			isa = PBXResourcesBuildPhase;
			buildActionMask = 2147483647;
			files = (
				B111C7631F808F4C00499027 /* LaunchScreen.storyboard in Resources */,
				B111C7601F808F4C00499027 /* Assets.xcassets in Resources */,
				B111C75E1F808F4C00499027 /* Main.storyboard in Resources */,
			);
			runOnlyForDeploymentPostprocessing = 0;
		};
/* End PBXResourcesBuildPhase section */

/* Begin PBXSourcesBuildPhase section */
		B111C7511F808F4C00499027 /* Sources */ = {
			isa = PBXSourcesBuildPhase;
			buildActionMask = 2147483647;
			files = (
				B111C75B1F808F4C00499027 /* ViewController.swift in Sources */,
				B111C7591F808F4C00499027 /* AppDelegate.swift in Sources */,
				B1B2CC17204008AE00E620C2 /* SwipingController.swift in Sources */,
			);
			runOnlyForDeploymentPostprocessing = 0;
		};
/* End PBXSourcesBuildPhase section */

/* Begin PBXVariantGroup section */
		B111C75C1F808F4C00499027 /* Main.storyboard */ = {
			isa = PBXVariantGroup;
			children = (
				B111C75D1F808F4C00499027 /* Base */,
			);
			name = Main.storyboard;
			sourceTree = "<group>";
		};
		B111C7611F808F4C00499027 /* LaunchScreen.storyboard */ = {
			isa = PBXVariantGroup;
			children = (
				B111C7621F808F4C00499027 /* Base */,
			);
			name = LaunchScreen.storyboard;
			sourceTree = "<group>";
		};
/* End PBXVariantGroup section */

/* Begin XCBuildConfiguration section */
		B111C7651F808F4C00499027 /* Debug */ = {
			isa = XCBuildConfiguration;
			buildSettings = {
				ALWAYS_SEARCH_USER_PATHS = NO;
				CLANG_ANALYZER_NONNULL = YES;
				CLANG_ANALYZER_NUMBER_OBJECT_CONVERSION = YES_AGGRESSIVE;
				CLANG_CXX_LANGUAGE_STANDARD = "gnu++14";
				CLANG_CXX_LIBRARY = "libc++";
				CLANG_ENABLE_MODULES = YES;
				CLANG_ENABLE_OBJC_ARC = YES;
				CLANG_WARN_BLOCK_CAPTURE_AUTORELEASING = YES;
				CLANG_WARN_BOOL_CONVERSION = YES;
				CLANG_WARN_COMMA = YES;
				CLANG_WARN_CONSTANT_CONVERSION = YES;
				CLANG_WARN_DIRECT_OBJC_ISA_USAGE = YES_ERROR;
				CLANG_WARN_DOCUMENTATION_COMMENTS = YES;
				CLANG_WARN_EMPTY_BODY = YES;
				CLANG_WARN_ENUM_CONVERSION = YES;
				CLANG_WARN_INFINITE_RECURSION = YES;
				CLANG_WARN_INT_CONVERSION = YES;
				CLANG_WARN_NON_LITERAL_NULL_CONVERSION = YES;
				CLANG_WARN_OBJC_LITERAL_CONVERSION = YES;
				CLANG_WARN_OBJC_ROOT_CLASS = YES_ERROR;
				CLANG_WARN_RANGE_LOOP_ANALYSIS = YES;
				CLANG_WARN_STRICT_PROTOTYPES = YES;
				CLANG_WARN_SUSPICIOUS_MOVE = YES;
				CLANG_WARN_UNGUARDED_AVAILABILITY = YES_AGGRESSIVE;
				CLANG_WARN_UNREACHABLE_CODE = YES;
				CLANG_WARN__DUPLICATE_METHOD_MATCH = YES;
				CODE_SIGN_IDENTITY = "iPhone Developer";
				COPY_PHASE_STRIP = NO;
				DEBUG_INFORMATION_FORMAT = dwarf;
				ENABLE_STRICT_OBJC_MSGSEND = YES;
				ENABLE_TESTABILITY = YES;
				GCC_C_LANGUAGE_STANDARD = gnu11;
				GCC_DYNAMIC_NO_PIC = NO;
				GCC_NO_COMMON_BLOCKS = YES;
				GCC_OPTIMIZATION_LEVEL = 0;
				GCC_PREPROCESSOR_DEFINITIONS = (
					"DEBUG=1",
					"$(inherited)",
				);
				GCC_WARN_64_TO_32_BIT_CONVERSION = YES;
				GCC_WARN_ABOUT_RETURN_TYPE = YES_ERROR;
				GCC_WARN_UNDECLARED_SELECTOR = YES;
				GCC_WARN_UNINITIALIZED_AUTOS = YES_AGGRESSIVE;
				GCC_WARN_UNUSED_FUNCTION = YES;
				GCC_WARN_UNUSED_VARIABLE = YES;
				IPHONEOS_DEPLOYMENT_TARGET = 11.0;
				MTL_ENABLE_DEBUG_INFO = YES;
				ONLY_ACTIVE_ARCH = YES;
				SDKROOT = iphoneos;
				SWIFT_ACTIVE_COMPILATION_CONDITIONS = DEBUG;
				SWIFT_OPTIMIZATION_LEVEL = "-Onone";
			};
			name = Debug;
		};
		B111C7661F808F4C00499027 /* Release */ = {
			isa = XCBuildConfiguration;
			buildSettings = {
				ALWAYS_SEARCH_USER_PATHS = NO;
				CLANG_ANALYZER_NONNULL = YES;
				CLANG_ANALYZER_NUMBER_OBJECT_CONVERSION = YES_AGGRESSIVE;
				CLANG_CXX_LANGUAGE_STANDARD = "gnu++14";
				CLANG_CXX_LIBRARY = "libc++";
				CLANG_ENABLE_MODULES = YES;
				CLANG_ENABLE_OBJC_ARC = YES;
				CLANG_WARN_BLOCK_CAPTURE_AUTORELEASING = YES;
				CLANG_WARN_BOOL_CONVERSION = YES;
				CLANG_WARN_COMMA = YES;
				CLANG_WARN_CONSTANT_CONVERSION = YES;
				CLANG_WARN_DIRECT_OBJC_ISA_USAGE = YES_ERROR;
				CLANG_WARN_DOCUMENTATION_COMMENTS = YES;
				CLANG_WARN_EMPTY_BODY = YES;
				CLANG_WARN_ENUM_CONVERSION = YES;
				CLANG_WARN_INFINITE_RECURSION = YES;
				CLANG_WARN_INT_CONVERSION = YES;
				CLANG_WARN_NON_LITERAL_NULL_CONVERSION = YES;
				CLANG_WARN_OBJC_LITERAL_CONVERSION = YES;
				CLANG_WARN_OBJC_ROOT_CLASS = YES_ERROR;
				CLANG_WARN_RANGE_LOOP_ANALYSIS = YES;
				CLANG_WARN_STRICT_PROTOTYPES = YES;
				CLANG_WARN_SUSPICIOUS_MOVE = YES;
				CLANG_WARN_UNGUARDED_AVAILABILITY = YES_AGGRESSIVE;
				CLANG_WARN_UNREACHABLE_CODE = YES;
				CLANG_WARN__DUPLICATE_METHOD_MATCH = YES;
				CODE_SIGN_IDENTITY = "iPhone Developer";
				COPY_PHASE_STRIP = NO;
				DEBUG_INFORMATION_FORMAT = "dwarf-with-dsym";
				ENABLE_NS_ASSERTIONS = NO;
				ENABLE_STRICT_OBJC_MSGSEND = YES;
				GCC_C_LANGUAGE_STANDARD = gnu11;
				GCC_NO_COMMON_BLOCKS = YES;
				GCC_WARN_64_TO_32_BIT_CONVERSION = YES;
				GCC_WARN_ABOUT_RETURN_TYPE = YES_ERROR;
				GCC_WARN_UNDECLARED_SELECTOR = YES;
				GCC_WARN_UNINITIALIZED_AUTOS = YES_AGGRESSIVE;
				GCC_WARN_UNUSED_FUNCTION = YES;
				GCC_WARN_UNUSED_VARIABLE = YES;
				IPHONEOS_DEPLOYMENT_TARGET = 11.0;
				MTL_ENABLE_DEBUG_INFO = NO;
				SDKROOT = iphoneos;
				SWIFT_OPTIMIZATION_LEVEL = "-Owholemodule";
				VALIDATE_PRODUCT = YES;
			};
			name = Release;
		};
		B111C7681F808F4C00499027 /* Debug */ = {
			isa = XCBuildConfiguration;
			buildSettings = {
				ASSETCATALOG_COMPILER_APPICON_NAME = AppIcon;
				CODE_SIGN_STYLE = Automatic;
				DEVELOPMENT_TEAM = E26925RH2T;
				INFOPLIST_FILE = S4AutoLayout/Info.plist;
				LD_RUNPATH_SEARCH_PATHS = "$(inherited) @executable_path/Frameworks";
				PRODUCT_BUNDLE_IDENTIFIER = com.VictorLee.S4AutoLayout;
				PRODUCT_NAME = "$(TARGET_NAME)";
				SWIFT_VERSION = 4.0;
				TARGETED_DEVICE_FAMILY = "1,2";
			};
			name = Debug;
		};
		B111C7691F808F4C00499027 /* Release */ = {
			isa = XCBuildConfiguration;
			buildSettings = {
				ASSETCATALOG_COMPILER_APPICON_NAME = AppIcon;
				CODE_SIGN_STYLE = Automatic;
				DEVELOPMENT_TEAM = E26925RH2T;
				INFOPLIST_FILE = S4AutoLayout/Info.plist;
				LD_RUNPATH_SEARCH_PATHS = "$(inherited) @executable_path/Frameworks";
				PRODUCT_BUNDLE_IDENTIFIER = com.VictorLee.S4AutoLayout;
				PRODUCT_NAME = "$(TARGET_NAME)";
				SWIFT_VERSION = 4.0;
				TARGETED_DEVICE_FAMILY = "1,2";
			};
			name = Release;
		};
/* End XCBuildConfiguration section */

/* Begin XCConfigurationList section */
		B111C7501F808F4C00499027 /* Build configuration list for PBXProject "S4AutoLayout" */ = {
			isa = XCConfigurationList;
			buildConfigurations = (
				B111C7651F808F4C00499027 /* Debug */,
				B111C7661F808F4C00499027 /* Release */,
			);
			defaultConfigurationIsVisible = 0;
			defaultConfigurationName = Release;
		};
		B111C7671F808F4C00499027 /* Build configuration list for PBXNativeTarget "S4AutoLayout" */ = {
			isa = XCConfigurationList;
			buildConfigurations = (
				B111C7681F808F4C00499027 /* Debug */,
				B111C7691F808F4C00499027 /* Release */,
			);
			defaultConfigurationIsVisible = 0;
			defaultConfigurationName = Release;
		};
/* End XCConfigurationList section */
	};
	rootObject = B111C74D1F808F4C00499027 /* Project object */;
}
